{
  "name": "ni-system-link-server-grafana-plugins",
  "version": "1.0.0",
  "lockfileVersion": 3,
  "requires": true,
  "packages": {
    "": {
      "name": "ni-system-link-server-grafana-plugins",
      "version": "1.0.0",
      "license": "Apache-2.0",
      "devDependencies": {},
      "engines": {
        "node": ">=18"
      }
    }
  }
}
